<?xml version="1.0" encoding="utf-8"?>
<Project ToolsVersion="4.0" xmlns="http://schemas.microsoft.com/developer/msbuild/2003">
  <ItemGroup>
    <ClCompile Include="..\src\app.cpp" />
    <ClCompile Include="..\src\apputil.cpp" />
    <ClCompile Include="..\src\dxutil.cpp" />
    <ClCompile Include="..\src\imgui.cpp" />
    <ClCompile Include="..\src\imgui_demo.cpp" />
    <ClCompile Include="..\src\imgui_draw.cpp" />
    <ClCompile Include="..\src\imgui_impl_dx11.cpp" />
    <ClCompile Include="..\src\main.cpp" />
    <ClCompile Include="..\src\renderer.cpp" />
    <ClCompile Include="..\src\scene.cpp" />
    <ClCompile Include="..\src\tiny_obj_loader.cc" />
    <ClCompile Include="..\src\qfpc.cpp" />
  </ItemGroup>
  <ItemGroup>
    <ClInclude Include="..\src\app.h" />
    <ClInclude Include="..\src\apputil.h" />
    <ClInclude Include="..\src\dxutil.h" />
    <ClInclude Include="..\src\imconfig.h" />
    <ClInclude Include="..\src\imgui.h" />
    <ClInclude Include="..\src\imgui_impl_dx11.h" />
    <ClInclude Include="..\src\imgui_internal.h" />
    <ClInclude Include="..\src\renderer.h" />
    <ClInclude Include="..\src\scene.h" />
    <ClInclude Include="..\src\stb_rect_pack.h" />
    <ClInclude Include="..\src\stb_textedit.h" />
    <ClInclude Include="..\src\stb_truetype.h" />
    <ClInclude Include="..\src\tiny_obj_loader.h" />
    <ClInclude Include="..\src\qfpc.h" />
  </ItemGroup>
  <ItemGroup>
    <Filter Include="shaders">
      <UniqueIdentifier>{a4d505c6-2ef5-4efe-b725-a346efc156f5}</UniqueIdentifier>
    </Filter>
  </ItemGroup>
  <ItemGroup>
    <None Include="..\shaders\scene.hlsl">
      <Filter>shaders</Filter>
    </None>
    <None Include="..\shaders\common.hlsl">
      <Filter>shaders</Filter>
    </None>
  </ItemGroup>
</Project>